# Locked Python analyzer dependencies for the agent-fitness-functions container.
# Generated from requirements.txt with hashes from downloaded wheel artifacts.
colorama==0.4.6 \
    --hash=sha256:4f1d9991f5acc0ca119f9d443620b77f9d6b33703e51011c16baf57afb285fc6
mando==0.7.1 \
    --hash=sha256:26ef1d70928b6057ee3ca12583d73c63e05c49de8972d620c278a7b206581a8a
pyyaml==6.0.2 \
    --hash=sha256:d584d9ec91ad65861cc08d42e834324ef890a082e591037abe114850ff7bbc3e \
    --hash=sha256:3ad2a3decf9aaba3d29c8f537ac4b243e36bef957511b4766cb0057d32b0be85 \
    --hash=sha256:5d225db5a45f21e78dd9358e58a98702a0302f2659a3c6cd320564b75b86f47c \
    --hash=sha256:1e2120ef853f59c7419231f3bf4e7021f1b936f6ebd222406c3b60212205d2ee
radon==6.0.1 \
    --hash=sha256:632cc032364a6f8bb1010a2f6a12d0f14bc7e5ede76585ef29dc0cecf4cd8859
six==1.17.0 \
    --hash=sha256:4721f391ed90541fddacab5acf947aa0d3dc7d27b2e1e8eda2be8970586c3274
